
Microsoft Visual Studio Solution File, Format Version 12.00
# Visual Studio Version 17
VisualStudioVersion = 17.0.32014.148
MinimumVisualStudioVersion = 10.0.40219.1
Project("{FAE04EC0-301F-11D3-BF4B-00C04F79EFBC}") = "SupaMVCSample", "SupaMVCSample.csproj", "{84578D78-5DBB-4291-AA02-8FDD703B1AC7}"
EndProject
Global
	GlobalSection(SolutionConfigurationPlatforms) = preSolution
		Debug|Any CPU = Debug|Any CPU
		Release|Any CPU = Release|Any CPU
	EndGlobalSection
	GlobalSection(ProjectConfigurationPlatforms) = postSolution
		{84578D78-5DBB-4291-AA02-8FDD703B1AC7}.Debug|Any CPU.ActiveCfg = Debug|Any CPU
		{84578D78-5DBB-4291-AA02-8FDD703B1AC7}.Debug|Any CPU.Build.0 = Debug|Any CPU
		{84578D78-5DBB-4291-AA02-8FDD703B1AC7}.Release|Any CPU.ActiveCfg = Release|Any CPU
		{84578D78-5DBB-4291-AA02-8FDD703B1AC7}.Release|Any CPU.Build.0 = Release|Any CPU
	EndGlobalSection
	GlobalSection(SolutionProperties) = preSolution
		HideSolutionNode = FALSE
	EndGlobalSection
	GlobalSection(ExtensibilityGlobals) = postSolution
		SolutionGuid = {F2DB9F01-FF66-4249-B7AF-0963E345036F}
	EndGlobalSection
EndGlobal
